
Microsoft Visual Studio Solution File, Format Version 12.00
# Visual Studio 14
VisualStudioVersion = 14.0.23107.0
MinimumVisualStudioVersion = 10.0.40219.1
Project("{FAE04EC0-301F-11D3-BF4B-00C04F79EFBC}") = "Todos.Backend", "Todos.Backend\Todos.Backend.csproj", "{440287FC-DB6B-4121-AFF6-DAAD99B0D976}"
EndProject
Project("{FAE04EC0-301F-11D3-BF4B-00C04F79EFBC}") = "Todos.Frontend", "Todos.Frontend\Todos.Frontend.csproj", "{A814CA19-6BDA-49C2-8ABF-FD290A9499F2}"
	ProjectSection(ProjectDependencies) = postProject
		{440287FC-DB6B-4121-AFF6-DAAD99B0D976} = {440287FC-DB6B-4121-AFF6-DAAD99B0D976}
	EndProjectSection
EndProject
Project("{FAE04EC0-301F-11D3-BF4B-00C04F79EFBC}") = "Todos.FrontendJOP", "Todos.FrontendJOP\Todos.FrontendJOP.csproj", "{EF3990AB-E36A-41B3-8A12-F7A538FB608C}"
	ProjectSection(ProjectDependencies) = postProject
		{440287FC-DB6B-4121-AFF6-DAAD99B0D976} = {440287FC-DB6B-4121-AFF6-DAAD99B0D976}
	EndProjectSection
EndProject
Project("{FAE04EC0-301F-11D3-BF4B-00C04F79EFBC}") = "Pizza.Backend", "Pizza.Backend\Pizza.Backend.csproj", "{6F1F00FB-8DAC-4A46-ADD1-E41F7E625AF0}"
EndProject
Project("{FAE04EC0-301F-11D3-BF4B-00C04F79EFBC}") = "Pizza.Frontend.Verwaltung", "Pizza.Frontend.Verwaltung\Pizza.Frontend.Verwaltung.csproj", "{EA7255FD-8A68-4B47-8503-4BA7A901DCB2}"
	ProjectSection(ProjectDependencies) = postProject
		{6F1F00FB-8DAC-4A46-ADD1-E41F7E625AF0} = {6F1F00FB-8DAC-4A46-ADD1-E41F7E625AF0}
	EndProjectSection
EndProject
Project("{FAE04EC0-301F-11D3-BF4B-00C04F79EFBC}") = "Pizza.Frontend.Kunde", "Pizza.Frontend.Kunde\Pizza.Frontend.Kunde.csproj", "{AC48CF73-D8F2-4633-8D38-BCAE9B44EC14}"
	ProjectSection(ProjectDependencies) = postProject
		{6F1F00FB-8DAC-4A46-ADD1-E41F7E625AF0} = {6F1F00FB-8DAC-4A46-ADD1-E41F7E625AF0}
	EndProjectSection
EndProject
Global
	GlobalSection(SolutionConfigurationPlatforms) = preSolution
		Debug|Any CPU = Debug|Any CPU
		Release|Any CPU = Release|Any CPU
	EndGlobalSection
	GlobalSection(ProjectConfigurationPlatforms) = postSolution
		{440287FC-DB6B-4121-AFF6-DAAD99B0D976}.Debug|Any CPU.ActiveCfg = Debug|Any CPU
		{440287FC-DB6B-4121-AFF6-DAAD99B0D976}.Debug|Any CPU.Build.0 = Debug|Any CPU
		{440287FC-DB6B-4121-AFF6-DAAD99B0D976}.Release|Any CPU.ActiveCfg = Release|Any CPU
		{440287FC-DB6B-4121-AFF6-DAAD99B0D976}.Release|Any CPU.Build.0 = Release|Any CPU
		{A814CA19-6BDA-49C2-8ABF-FD290A9499F2}.Debug|Any CPU.ActiveCfg = Debug|Any CPU
		{A814CA19-6BDA-49C2-8ABF-FD290A9499F2}.Debug|Any CPU.Build.0 = Debug|Any CPU
		{A814CA19-6BDA-49C2-8ABF-FD290A9499F2}.Release|Any CPU.ActiveCfg = Release|Any CPU
		{A814CA19-6BDA-49C2-8ABF-FD290A9499F2}.Release|Any CPU.Build.0 = Release|Any CPU
		{EF3990AB-E36A-41B3-8A12-F7A538FB608C}.Debug|Any CPU.ActiveCfg = Debug|Any CPU
		{EF3990AB-E36A-41B3-8A12-F7A538FB608C}.Debug|Any CPU.Build.0 = Debug|Any CPU
		{EF3990AB-E36A-41B3-8A12-F7A538FB608C}.Release|Any CPU.ActiveCfg = Release|Any CPU
		{EF3990AB-E36A-41B3-8A12-F7A538FB608C}.Release|Any CPU.Build.0 = Release|Any CPU
		{6F1F00FB-8DAC-4A46-ADD1-E41F7E625AF0}.Debug|Any CPU.ActiveCfg = Debug|Any CPU
		{6F1F00FB-8DAC-4A46-ADD1-E41F7E625AF0}.Debug|Any CPU.Build.0 = Debug|Any CPU
		{6F1F00FB-8DAC-4A46-ADD1-E41F7E625AF0}.Release|Any CPU.ActiveCfg = Release|Any CPU
		{6F1F00FB-8DAC-4A46-ADD1-E41F7E625AF0}.Release|Any CPU.Build.0 = Release|Any CPU
		{EA7255FD-8A68-4B47-8503-4BA7A901DCB2}.Debug|Any CPU.ActiveCfg = Debug|Any CPU
		{EA7255FD-8A68-4B47-8503-4BA7A901DCB2}.Debug|Any CPU.Build.0 = Debug|Any CPU
		{EA7255FD-8A68-4B47-8503-4BA7A901DCB2}.Release|Any CPU.ActiveCfg = Release|Any CPU
		{EA7255FD-8A68-4B47-8503-4BA7A901DCB2}.Release|Any CPU.Build.0 = Release|Any CPU
		{AC48CF73-D8F2-4633-8D38-BCAE9B44EC14}.Debug|Any CPU.ActiveCfg = Debug|Any CPU
		{AC48CF73-D8F2-4633-8D38-BCAE9B44EC14}.Debug|Any CPU.Build.0 = Debug|Any CPU
		{AC48CF73-D8F2-4633-8D38-BCAE9B44EC14}.Release|Any CPU.ActiveCfg = Release|Any CPU
		{AC48CF73-D8F2-4633-8D38-BCAE9B44EC14}.Release|Any CPU.Build.0 = Release|Any CPU
	EndGlobalSection
	GlobalSection(SolutionProperties) = preSolution
		HideSolutionNode = FALSE
	EndGlobalSection
EndGlobal
